
Microsoft Visual Studio Solution File, Format Version 12.00
# Visual Studio 15
VisualStudioVersion = 15.0.26403.3
MinimumVisualStudioVersion = 10.0.40219.1
Project("{D954291E-2A0B-460D-934E-DC6B0785DB48}") = "PersonalApp", "PersonalApp\PersonalApp\PersonalApp.shproj", "{C7DD8616-4174-4E8C-9124-A86C596D28CD}"
EndProject
Project("{FAE04EC0-301F-11D3-BF4B-00C04F79EFBC}") = "PersonalApp.Android", "PersonalApp\PersonalApp.Android\PersonalApp.Android.csproj", "{FA6CDF60-3267-4D63-AA79-4789BDB7AE5D}"
EndProject
Project("{FAE04EC0-301F-11D3-BF4B-00C04F79EFBC}") = "PersonalApp.iOS", "PersonalApp\PersonalApp.iOS\PersonalApp.iOS.csproj", "{912DEC61-8F8E-4EB2-8675-37276D472EB2}"
EndProject
Project("{FAE04EC0-301F-11D3-BF4B-00C04F79EFBC}") = "PersonalApp.UWP", "PersonalApp\PersonalApp.UWP\PersonalApp.UWP.csproj", "{83CCD296-2A90-48DD-97BE-67BF0C7B7B0E}"
EndProject
Global
	GlobalSection(SharedMSBuildProjectFiles) = preSolution
		PersonalApp\PersonalApp\PersonalApp.projitems*{83ccd296-2a90-48dd-97be-67bf0c7b7b0e}*SharedItemsImports = 4
		PersonalApp\PersonalApp\PersonalApp.projitems*{912dec61-8f8e-4eb2-8675-37276d472eb2}*SharedItemsImports = 4
		PersonalApp\PersonalApp\PersonalApp.projitems*{c7dd8616-4174-4e8c-9124-a86c596d28cd}*SharedItemsImports = 13
		PersonalApp\PersonalApp\PersonalApp.projitems*{fa6cdf60-3267-4d63-aa79-4789bdb7ae5d}*SharedItemsImports = 4
	EndGlobalSection
	GlobalSection(SolutionConfigurationPlatforms) = preSolution
		Debug|Any CPU = Debug|Any CPU
		Debug|ARM = Debug|ARM
		Debug|iPhone = Debug|iPhone
		Debug|iPhoneSimulator = Debug|iPhoneSimulator
		Debug|x64 = Debug|x64
		Debug|x86 = Debug|x86
		Release|Any CPU = Release|Any CPU
		Release|ARM = Release|ARM
		Release|iPhone = Release|iPhone
		Release|iPhoneSimulator = Release|iPhoneSimulator
		Release|x64 = Release|x64
		Release|x86 = Release|x86
	EndGlobalSection
	GlobalSection(ProjectConfigurationPlatforms) = postSolution
		{FA6CDF60-3267-4D63-AA79-4789BDB7AE5D}.Debug|Any CPU.ActiveCfg = Debug|Any CPU
		{FA6CDF60-3267-4D63-AA79-4789BDB7AE5D}.Debug|Any CPU.Build.0 = Debug|Any CPU
		{FA6CDF60-3267-4D63-AA79-4789BDB7AE5D}.Debug|Any CPU.Deploy.0 = Debug|Any CPU
		{FA6CDF60-3267-4D63-AA79-4789BDB7AE5D}.Debug|ARM.ActiveCfg = Debug|Any CPU
		{FA6CDF60-3267-4D63-AA79-4789BDB7AE5D}.Debug|ARM.Build.0 = Debug|Any CPU
		{FA6CDF60-3267-4D63-AA79-4789BDB7AE5D}.Debug|ARM.Deploy.0 = Debug|Any CPU
		{FA6CDF60-3267-4D63-AA79-4789BDB7AE5D}.Debug|iPhone.ActiveCfg = Debug|Any CPU
		{FA6CDF60-3267-4D63-AA79-4789BDB7AE5D}.Debug|iPhone.Build.0 = Debug|Any CPU
		{FA6CDF60-3267-4D63-AA79-4789BDB7AE5D}.Debug|iPhone.Deploy.0 = Debug|Any CPU
		{FA6CDF60-3267-4D63-AA79-4789BDB7AE5D}.Debug|iPhoneSimulator.ActiveCfg = Debug|Any CPU
		{FA6CDF60-3267-4D63-AA79-4789BDB7AE5D}.Debug|iPhoneSimulator.Build.0 = Debug|Any CPU
		{FA6CDF60-3267-4D63-AA79-4789BDB7AE5D}.Debug|iPhoneSimulator.Deploy.0 = Debug|Any CPU
		{FA6CDF60-3267-4D63-AA79-4789BDB7AE5D}.Debug|x64.ActiveCfg = Debug|Any CPU
		{FA6CDF60-3267-4D63-AA79-4789BDB7AE5D}.Debug|x64.Build.0 = Debug|Any CPU
		{FA6CDF60-3267-4D63-AA79-4789BDB7AE5D}.Debug|x64.Deploy.0 = Debug|Any CPU
		{FA6CDF60-3267-4D63-AA79-4789BDB7AE5D}.Debug|x86.ActiveCfg = Debug|Any CPU
		{FA6CDF60-3267-4D63-AA79-4789BDB7AE5D}.Debug|x86.Build.0 = Debug|Any CPU
		{FA6CDF60-3267-4D63-AA79-4789BDB7AE5D}.Debug|x86.Deploy.0 = Debug|Any CPU
		{FA6CDF60-3267-4D63-AA79-4789BDB7AE5D}.Release|Any CPU.ActiveCfg = Release|Any CPU
		{FA6CDF60-3267-4D63-AA79-4789BDB7AE5D}.Release|Any CPU.Build.0 = Release|Any CPU
		{FA6CDF60-3267-4D63-AA79-4789BDB7AE5D}.Release|Any CPU.Deploy.0 = Release|Any CPU
		{FA6CDF60-3267-4D63-AA79-4789BDB7AE5D}.Release|ARM.ActiveCfg = Release|Any CPU
		{FA6CDF60-3267-4D63-AA79-4789BDB7AE5D}.Release|ARM.Build.0 = Release|Any CPU
		{FA6CDF60-3267-4D63-AA79-4789BDB7AE5D}.Release|ARM.Deploy.0 = Release|Any CPU
		{FA6CDF60-3267-4D63-AA79-4789BDB7AE5D}.Release|iPhone.ActiveCfg = Release|Any CPU
		{FA6CDF60-3267-4D63-AA79-4789BDB7AE5D}.Release|iPhone.Build.0 = Release|Any CPU
		{FA6CDF60-3267-4D63-AA79-4789BDB7AE5D}.Release|iPhone.Deploy.0 = Release|Any CPU
		{FA6CDF60-3267-4D63-AA79-4789BDB7AE5D}.Release|iPhoneSimulator.ActiveCfg = Release|Any CPU
		{FA6CDF60-3267-4D63-AA79-4789BDB7AE5D}.Release|iPhoneSimulator.Build.0 = Release|Any CPU
		{FA6CDF60-3267-4D63-AA79-4789BDB7AE5D}.Release|iPhoneSimulator.Deploy.0 = Release|Any CPU
		{FA6CDF60-3267-4D63-AA79-4789BDB7AE5D}.Release|x64.ActiveCfg = Release|Any CPU
		{FA6CDF60-3267-4D63-AA79-4789BDB7AE5D}.Release|x64.Build.0 = Release|Any CPU
		{FA6CDF60-3267-4D63-AA79-4789BDB7AE5D}.Release|x64.Deploy.0 = Release|Any CPU
		{FA6CDF60-3267-4D63-AA79-4789BDB7AE5D}.Release|x86.ActiveCfg = Release|Any CPU
		{FA6CDF60-3267-4D63-AA79-4789BDB7AE5D}.Release|x86.Build.0 = Release|Any CPU
		{FA6CDF60-3267-4D63-AA79-4789BDB7AE5D}.Release|x86.Deploy.0 = Release|Any CPU
		{912DEC61-8F8E-4EB2-8675-37276D472EB2}.Debug|Any CPU.ActiveCfg = Debug|iPhone
		{912DEC61-8F8E-4EB2-8675-37276D472EB2}.Debug|ARM.ActiveCfg = Debug|iPhone
		{912DEC61-8F8E-4EB2-8675-37276D472EB2}.Debug|iPhone.ActiveCfg = Debug|iPhone
		{912DEC61-8F8E-4EB2-8675-37276D472EB2}.Debug|iPhone.Build.0 = Debug|iPhone
		{912DEC61-8F8E-4EB2-8675-37276D472EB2}.Debug|iPhoneSimulator.ActiveCfg = Debug|iPhoneSimulator
		{912DEC61-8F8E-4EB2-8675-37276D472EB2}.Debug|iPhoneSimulator.Build.0 = Debug|iPhoneSimulator
		{912DEC61-8F8E-4EB2-8675-37276D472EB2}.Debug|x64.ActiveCfg = Debug|iPhone
		{912DEC61-8F8E-4EB2-8675-37276D472EB2}.Debug|x86.ActiveCfg = Debug|iPhone
		{912DEC61-8F8E-4EB2-8675-37276D472EB2}.Release|Any CPU.ActiveCfg = Release|iPhone
		{912DEC61-8F8E-4EB2-8675-37276D472EB2}.Release|ARM.ActiveCfg = Release|iPhone
		{912DEC61-8F8E-4EB2-8675-37276D472EB2}.Release|iPhone.ActiveCfg = Release|iPhone
		{912DEC61-8F8E-4EB2-8675-37276D472EB2}.Release|iPhone.Build.0 = Release|iPhone
		{912DEC61-8F8E-4EB2-8675-37276D472EB2}.Release|iPhoneSimulator.ActiveCfg = Release|iPhoneSimulator
		{912DEC61-8F8E-4EB2-8675-37276D472EB2}.Release|iPhoneSimulator.Build.0 = Release|iPhoneSimulator
		{912DEC61-8F8E-4EB2-8675-37276D472EB2}.Release|x64.ActiveCfg = Release|iPhone
		{912DEC61-8F8E-4EB2-8675-37276D472EB2}.Release|x86.ActiveCfg = Release|iPhone
		{83CCD296-2A90-48DD-97BE-67BF0C7B7B0E}.Debug|Any CPU.ActiveCfg = Debug|x86
		{83CCD296-2A90-48DD-97BE-67BF0C7B7B0E}.Debug|ARM.ActiveCfg = Debug|ARM
		{83CCD296-2A90-48DD-97BE-67BF0C7B7B0E}.Debug|ARM.Build.0 = Debug|ARM
		{83CCD296-2A90-48DD-97BE-67BF0C7B7B0E}.Debug|ARM.Deploy.0 = Debug|ARM
		{83CCD296-2A90-48DD-97BE-67BF0C7B7B0E}.Debug|iPhone.ActiveCfg = Debug|x86
		{83CCD296-2A90-48DD-97BE-67BF0C7B7B0E}.Debug|iPhoneSimulator.ActiveCfg = Debug|x86
		{83CCD296-2A90-48DD-97BE-67BF0C7B7B0E}.Debug|x64.ActiveCfg = Debug|x64
		{83CCD296-2A90-48DD-97BE-67BF0C7B7B0E}.Debug|x64.Build.0 = Debug|x64
		{83CCD296-2A90-48DD-97BE-67BF0C7B7B0E}.Debug|x64.Deploy.0 = Debug|x64
		{83CCD296-2A90-48DD-97BE-67BF0C7B7B0E}.Debug|x86.ActiveCfg = Debug|x86
		{83CCD296-2A90-48DD-97BE-67BF0C7B7B0E}.Debug|x86.Build.0 = Debug|x86
		{83CCD296-2A90-48DD-97BE-67BF0C7B7B0E}.Debug|x86.Deploy.0 = Debug|x86
		{83CCD296-2A90-48DD-97BE-67BF0C7B7B0E}.Release|Any CPU.ActiveCfg = Release|x86
		{83CCD296-2A90-48DD-97BE-67BF0C7B7B0E}.Release|ARM.ActiveCfg = Release|ARM
		{83CCD296-2A90-48DD-97BE-67BF0C7B7B0E}.Release|ARM.Build.0 = Release|ARM
		{83CCD296-2A90-48DD-97BE-67BF0C7B7B0E}.Release|ARM.Deploy.0 = Release|ARM
		{83CCD296-2A90-48DD-97BE-67BF0C7B7B0E}.Release|iPhone.ActiveCfg = Release|x86
		{83CCD296-2A90-48DD-97BE-67BF0C7B7B0E}.Release|iPhoneSimulator.ActiveCfg = Release|x86
		{83CCD296-2A90-48DD-97BE-67BF0C7B7B0E}.Release|x64.ActiveCfg = Release|x64
		{83CCD296-2A90-48DD-97BE-67BF0C7B7B0E}.Release|x64.Build.0 = Release|x64
		{83CCD296-2A90-48DD-97BE-67BF0C7B7B0E}.Release|x64.Deploy.0 = Release|x64
		{83CCD296-2A90-48DD-97BE-67BF0C7B7B0E}.Release|x86.ActiveCfg = Release|x86
		{83CCD296-2A90-48DD-97BE-67BF0C7B7B0E}.Release|x86.Build.0 = Release|x86
		{83CCD296-2A90-48DD-97BE-67BF0C7B7B0E}.Release|x86.Deploy.0 = Release|x86
	EndGlobalSection
	GlobalSection(SolutionProperties) = preSolution
		HideSolutionNode = FALSE
	EndGlobalSection
EndGlobal
