
Microsoft Visual Studio Solution File, Format Version 12.00
# Visual Studio 15
VisualStudioVersion = 15.0.26403.3
MinimumVisualStudioVersion = 10.0.40219.1
Project("{FAE04EC0-301F-11D3-BF4B-00C04F79EFBC}") = "PersonalApp", "PersonalApp\PersonalApp\PersonalApp.csproj", "{5738D996-3AAB-46B7-80A9-219A3E7AB1C2}"
EndProject
Project("{FAE04EC0-301F-11D3-BF4B-00C04F79EFBC}") = "PersonalApp.Android", "PersonalApp\PersonalApp.Android\PersonalApp.Android.csproj", "{13EBF6AC-10C8-4685-B1BF-A6C7055D8412}"
EndProject
Project("{FAE04EC0-301F-11D3-BF4B-00C04F79EFBC}") = "PersonalApp.iOS", "PersonalApp\PersonalApp.iOS\PersonalApp.iOS.csproj", "{FC8592C8-8B8F-4C10-A3C1-6506A2F566C6}"
EndProject
Project("{FAE04EC0-301F-11D3-BF4B-00C04F79EFBC}") = "PersonalApp.UWP", "PersonalApp\PersonalApp.UWP\PersonalApp.UWP.csproj", "{FFD44677-4F2D-4CDF-A48E-F659F6AF679A}"
EndProject
Global
	GlobalSection(SolutionConfigurationPlatforms) = preSolution
		Debug|Any CPU = Debug|Any CPU
		Debug|ARM = Debug|ARM
		Debug|iPhone = Debug|iPhone
		Debug|iPhoneSimulator = Debug|iPhoneSimulator
		Debug|x64 = Debug|x64
		Debug|x86 = Debug|x86
		Release|Any CPU = Release|Any CPU
		Release|ARM = Release|ARM
		Release|iPhone = Release|iPhone
		Release|iPhoneSimulator = Release|iPhoneSimulator
		Release|x64 = Release|x64
		Release|x86 = Release|x86
	EndGlobalSection
	GlobalSection(ProjectConfigurationPlatforms) = postSolution
		{5738D996-3AAB-46B7-80A9-219A3E7AB1C2}.Debug|Any CPU.ActiveCfg = Debug|Any CPU
		{5738D996-3AAB-46B7-80A9-219A3E7AB1C2}.Debug|Any CPU.Build.0 = Debug|Any CPU
		{5738D996-3AAB-46B7-80A9-219A3E7AB1C2}.Debug|ARM.ActiveCfg = Debug|Any CPU
		{5738D996-3AAB-46B7-80A9-219A3E7AB1C2}.Debug|ARM.Build.0 = Debug|Any CPU
		{5738D996-3AAB-46B7-80A9-219A3E7AB1C2}.Debug|iPhone.ActiveCfg = Debug|Any CPU
		{5738D996-3AAB-46B7-80A9-219A3E7AB1C2}.Debug|iPhone.Build.0 = Debug|Any CPU
		{5738D996-3AAB-46B7-80A9-219A3E7AB1C2}.Debug|iPhoneSimulator.ActiveCfg = Debug|Any CPU
		{5738D996-3AAB-46B7-80A9-219A3E7AB1C2}.Debug|iPhoneSimulator.Build.0 = Debug|Any CPU
		{5738D996-3AAB-46B7-80A9-219A3E7AB1C2}.Debug|x64.ActiveCfg = Debug|Any CPU
		{5738D996-3AAB-46B7-80A9-219A3E7AB1C2}.Debug|x64.Build.0 = Debug|Any CPU
		{5738D996-3AAB-46B7-80A9-219A3E7AB1C2}.Debug|x86.ActiveCfg = Debug|Any CPU
		{5738D996-3AAB-46B7-80A9-219A3E7AB1C2}.Debug|x86.Build.0 = Debug|Any CPU
		{5738D996-3AAB-46B7-80A9-219A3E7AB1C2}.Release|Any CPU.ActiveCfg = Release|Any CPU
		{5738D996-3AAB-46B7-80A9-219A3E7AB1C2}.Release|Any CPU.Build.0 = Release|Any CPU
		{5738D996-3AAB-46B7-80A9-219A3E7AB1C2}.Release|ARM.ActiveCfg = Release|Any CPU
		{5738D996-3AAB-46B7-80A9-219A3E7AB1C2}.Release|ARM.Build.0 = Release|Any CPU
		{5738D996-3AAB-46B7-80A9-219A3E7AB1C2}.Release|iPhone.ActiveCfg = Release|Any CPU
		{5738D996-3AAB-46B7-80A9-219A3E7AB1C2}.Release|iPhone.Build.0 = Release|Any CPU
		{5738D996-3AAB-46B7-80A9-219A3E7AB1C2}.Release|iPhoneSimulator.ActiveCfg = Release|Any CPU
		{5738D996-3AAB-46B7-80A9-219A3E7AB1C2}.Release|iPhoneSimulator.Build.0 = Release|Any CPU
		{5738D996-3AAB-46B7-80A9-219A3E7AB1C2}.Release|x64.ActiveCfg = Release|Any CPU
		{5738D996-3AAB-46B7-80A9-219A3E7AB1C2}.Release|x64.Build.0 = Release|Any CPU
		{5738D996-3AAB-46B7-80A9-219A3E7AB1C2}.Release|x86.ActiveCfg = Release|Any CPU
		{5738D996-3AAB-46B7-80A9-219A3E7AB1C2}.Release|x86.Build.0 = Release|Any CPU
		{13EBF6AC-10C8-4685-B1BF-A6C7055D8412}.Debug|Any CPU.ActiveCfg = Debug|Any CPU
		{13EBF6AC-10C8-4685-B1BF-A6C7055D8412}.Debug|Any CPU.Build.0 = Debug|Any CPU
		{13EBF6AC-10C8-4685-B1BF-A6C7055D8412}.Debug|Any CPU.Deploy.0 = Debug|Any CPU
		{13EBF6AC-10C8-4685-B1BF-A6C7055D8412}.Debug|ARM.ActiveCfg = Debug|Any CPU
		{13EBF6AC-10C8-4685-B1BF-A6C7055D8412}.Debug|ARM.Build.0 = Debug|Any CPU
		{13EBF6AC-10C8-4685-B1BF-A6C7055D8412}.Debug|ARM.Deploy.0 = Debug|Any CPU
		{13EBF6AC-10C8-4685-B1BF-A6C7055D8412}.Debug|iPhone.ActiveCfg = Debug|Any CPU
		{13EBF6AC-10C8-4685-B1BF-A6C7055D8412}.Debug|iPhone.Build.0 = Debug|Any CPU
		{13EBF6AC-10C8-4685-B1BF-A6C7055D8412}.Debug|iPhone.Deploy.0 = Debug|Any CPU
		{13EBF6AC-10C8-4685-B1BF-A6C7055D8412}.Debug|iPhoneSimulator.ActiveCfg = Debug|Any CPU
		{13EBF6AC-10C8-4685-B1BF-A6C7055D8412}.Debug|iPhoneSimulator.Build.0 = Debug|Any CPU
		{13EBF6AC-10C8-4685-B1BF-A6C7055D8412}.Debug|iPhoneSimulator.Deploy.0 = Debug|Any CPU
		{13EBF6AC-10C8-4685-B1BF-A6C7055D8412}.Debug|x64.ActiveCfg = Debug|Any CPU
		{13EBF6AC-10C8-4685-B1BF-A6C7055D8412}.Debug|x64.Build.0 = Debug|Any CPU
		{13EBF6AC-10C8-4685-B1BF-A6C7055D8412}.Debug|x64.Deploy.0 = Debug|Any CPU
		{13EBF6AC-10C8-4685-B1BF-A6C7055D8412}.Debug|x86.ActiveCfg = Debug|Any CPU
		{13EBF6AC-10C8-4685-B1BF-A6C7055D8412}.Debug|x86.Build.0 = Debug|Any CPU
		{13EBF6AC-10C8-4685-B1BF-A6C7055D8412}.Debug|x86.Deploy.0 = Debug|Any CPU
		{13EBF6AC-10C8-4685-B1BF-A6C7055D8412}.Release|Any CPU.ActiveCfg = Release|Any CPU
		{13EBF6AC-10C8-4685-B1BF-A6C7055D8412}.Release|Any CPU.Build.0 = Release|Any CPU
		{13EBF6AC-10C8-4685-B1BF-A6C7055D8412}.Release|Any CPU.Deploy.0 = Release|Any CPU
		{13EBF6AC-10C8-4685-B1BF-A6C7055D8412}.Release|ARM.ActiveCfg = Release|Any CPU
		{13EBF6AC-10C8-4685-B1BF-A6C7055D8412}.Release|ARM.Build.0 = Release|Any CPU
		{13EBF6AC-10C8-4685-B1BF-A6C7055D8412}.Release|ARM.Deploy.0 = Release|Any CPU
		{13EBF6AC-10C8-4685-B1BF-A6C7055D8412}.Release|iPhone.ActiveCfg = Release|Any CPU
		{13EBF6AC-10C8-4685-B1BF-A6C7055D8412}.Release|iPhone.Build.0 = Release|Any CPU
		{13EBF6AC-10C8-4685-B1BF-A6C7055D8412}.Release|iPhone.Deploy.0 = Release|Any CPU
		{13EBF6AC-10C8-4685-B1BF-A6C7055D8412}.Release|iPhoneSimulator.ActiveCfg = Release|Any CPU
		{13EBF6AC-10C8-4685-B1BF-A6C7055D8412}.Release|iPhoneSimulator.Build.0 = Release|Any CPU
		{13EBF6AC-10C8-4685-B1BF-A6C7055D8412}.Release|iPhoneSimulator.Deploy.0 = Release|Any CPU
		{13EBF6AC-10C8-4685-B1BF-A6C7055D8412}.Release|x64.ActiveCfg = Release|Any CPU
		{13EBF6AC-10C8-4685-B1BF-A6C7055D8412}.Release|x64.Build.0 = Release|Any CPU
		{13EBF6AC-10C8-4685-B1BF-A6C7055D8412}.Release|x64.Deploy.0 = Release|Any CPU
		{13EBF6AC-10C8-4685-B1BF-A6C7055D8412}.Release|x86.ActiveCfg = Release|Any CPU
		{13EBF6AC-10C8-4685-B1BF-A6C7055D8412}.Release|x86.Build.0 = Release|Any CPU
		{13EBF6AC-10C8-4685-B1BF-A6C7055D8412}.Release|x86.Deploy.0 = Release|Any CPU
		{FC8592C8-8B8F-4C10-A3C1-6506A2F566C6}.Debug|Any CPU.ActiveCfg = Debug|iPhone
		{FC8592C8-8B8F-4C10-A3C1-6506A2F566C6}.Debug|ARM.ActiveCfg = Debug|iPhone
		{FC8592C8-8B8F-4C10-A3C1-6506A2F566C6}.Debug|iPhone.ActiveCfg = Debug|iPhone
		{FC8592C8-8B8F-4C10-A3C1-6506A2F566C6}.Debug|iPhone.Build.0 = Debug|iPhone
		{FC8592C8-8B8F-4C10-A3C1-6506A2F566C6}.Debug|iPhoneSimulator.ActiveCfg = Debug|iPhoneSimulator
		{FC8592C8-8B8F-4C10-A3C1-6506A2F566C6}.Debug|iPhoneSimulator.Build.0 = Debug|iPhoneSimulator
		{FC8592C8-8B8F-4C10-A3C1-6506A2F566C6}.Debug|x64.ActiveCfg = Debug|iPhone
		{FC8592C8-8B8F-4C10-A3C1-6506A2F566C6}.Debug|x86.ActiveCfg = Debug|iPhone
		{FC8592C8-8B8F-4C10-A3C1-6506A2F566C6}.Release|Any CPU.ActiveCfg = Release|iPhone
		{FC8592C8-8B8F-4C10-A3C1-6506A2F566C6}.Release|ARM.ActiveCfg = Release|iPhone
		{FC8592C8-8B8F-4C10-A3C1-6506A2F566C6}.Release|iPhone.ActiveCfg = Release|iPhone
		{FC8592C8-8B8F-4C10-A3C1-6506A2F566C6}.Release|iPhone.Build.0 = Release|iPhone
		{FC8592C8-8B8F-4C10-A3C1-6506A2F566C6}.Release|iPhoneSimulator.ActiveCfg = Release|iPhoneSimulator
		{FC8592C8-8B8F-4C10-A3C1-6506A2F566C6}.Release|iPhoneSimulator.Build.0 = Release|iPhoneSimulator
		{FC8592C8-8B8F-4C10-A3C1-6506A2F566C6}.Release|x64.ActiveCfg = Release|iPhone
		{FC8592C8-8B8F-4C10-A3C1-6506A2F566C6}.Release|x86.ActiveCfg = Release|iPhone
		{FFD44677-4F2D-4CDF-A48E-F659F6AF679A}.Debug|Any CPU.ActiveCfg = Debug|x86
		{FFD44677-4F2D-4CDF-A48E-F659F6AF679A}.Debug|ARM.ActiveCfg = Debug|ARM
		{FFD44677-4F2D-4CDF-A48E-F659F6AF679A}.Debug|ARM.Build.0 = Debug|ARM
		{FFD44677-4F2D-4CDF-A48E-F659F6AF679A}.Debug|ARM.Deploy.0 = Debug|ARM
		{FFD44677-4F2D-4CDF-A48E-F659F6AF679A}.Debug|iPhone.ActiveCfg = Debug|x86
		{FFD44677-4F2D-4CDF-A48E-F659F6AF679A}.Debug|iPhoneSimulator.ActiveCfg = Debug|x86
		{FFD44677-4F2D-4CDF-A48E-F659F6AF679A}.Debug|x64.ActiveCfg = Debug|x64
		{FFD44677-4F2D-4CDF-A48E-F659F6AF679A}.Debug|x64.Build.0 = Debug|x64
		{FFD44677-4F2D-4CDF-A48E-F659F6AF679A}.Debug|x64.Deploy.0 = Debug|x64
		{FFD44677-4F2D-4CDF-A48E-F659F6AF679A}.Debug|x86.ActiveCfg = Debug|x86
		{FFD44677-4F2D-4CDF-A48E-F659F6AF679A}.Debug|x86.Build.0 = Debug|x86
		{FFD44677-4F2D-4CDF-A48E-F659F6AF679A}.Debug|x86.Deploy.0 = Debug|x86
		{FFD44677-4F2D-4CDF-A48E-F659F6AF679A}.Release|Any CPU.ActiveCfg = Release|x86
		{FFD44677-4F2D-4CDF-A48E-F659F6AF679A}.Release|ARM.ActiveCfg = Release|ARM
		{FFD44677-4F2D-4CDF-A48E-F659F6AF679A}.Release|ARM.Build.0 = Release|ARM
		{FFD44677-4F2D-4CDF-A48E-F659F6AF679A}.Release|ARM.Deploy.0 = Release|ARM
		{FFD44677-4F2D-4CDF-A48E-F659F6AF679A}.Release|iPhone.ActiveCfg = Release|x86
		{FFD44677-4F2D-4CDF-A48E-F659F6AF679A}.Release|iPhoneSimulator.ActiveCfg = Release|x86
		{FFD44677-4F2D-4CDF-A48E-F659F6AF679A}.Release|x64.ActiveCfg = Release|x64
		{FFD44677-4F2D-4CDF-A48E-F659F6AF679A}.Release|x64.Build.0 = Release|x64
		{FFD44677-4F2D-4CDF-A48E-F659F6AF679A}.Release|x64.Deploy.0 = Release|x64
		{FFD44677-4F2D-4CDF-A48E-F659F6AF679A}.Release|x86.ActiveCfg = Release|x86
		{FFD44677-4F2D-4CDF-A48E-F659F6AF679A}.Release|x86.Build.0 = Release|x86
		{FFD44677-4F2D-4CDF-A48E-F659F6AF679A}.Release|x86.Deploy.0 = Release|x86
	EndGlobalSection
	GlobalSection(SolutionProperties) = preSolution
		HideSolutionNode = FALSE
	EndGlobalSection
EndGlobal
