
Microsoft Visual Studio Solution File, Format Version 12.00
# Visual Studio 15
VisualStudioVersion = 15.0.26228.10
MinimumVisualStudioVersion = 10.0.40219.1
Project("{D954291E-2A0B-460D-934E-DC6B0785DB48}") = "Hello_World", "Hello World\Hello_World\Hello_World.shproj", "{413C49B1-EA36-4E6C-896F-218DB74C7327}"
EndProject
Project("{FAE04EC0-301F-11D3-BF4B-00C04F79EFBC}") = "Hello_World.Android", "Hello World\Hello_World.Android\Hello_World.Android.csproj", "{5BA29CD2-EE2C-43E4-8BCA-521E92E8877F}"
EndProject
Project("{FAE04EC0-301F-11D3-BF4B-00C04F79EFBC}") = "Hello_World.iOS", "Hello World\Hello_World.iOS\Hello_World.iOS.csproj", "{8B0ED87A-78A8-41D5-9148-3F9D7A0A864D}"
EndProject
Global
	GlobalSection(SharedMSBuildProjectFiles) = preSolution
		Hello World\Hello_World\Hello_World.projitems*{413c49b1-ea36-4e6c-896f-218db74c7327}*SharedItemsImports = 13
		Hello World\Hello_World\Hello_World.projitems*{5ba29cd2-ee2c-43e4-8bca-521e92e8877f}*SharedItemsImports = 4
		Hello World\Hello_World\Hello_World.projitems*{8b0ed87a-78a8-41d5-9148-3f9d7a0a864d}*SharedItemsImports = 4
	EndGlobalSection
	GlobalSection(SolutionConfigurationPlatforms) = preSolution
		Ad-Hoc|Any CPU = Ad-Hoc|Any CPU
		Ad-Hoc|iPhone = Ad-Hoc|iPhone
		Ad-Hoc|iPhoneSimulator = Ad-Hoc|iPhoneSimulator
		AppStore|Any CPU = AppStore|Any CPU
		AppStore|iPhone = AppStore|iPhone
		AppStore|iPhoneSimulator = AppStore|iPhoneSimulator
		Debug|Any CPU = Debug|Any CPU
		Debug|iPhone = Debug|iPhone
		Debug|iPhoneSimulator = Debug|iPhoneSimulator
		Release|Any CPU = Release|Any CPU
		Release|iPhone = Release|iPhone
		Release|iPhoneSimulator = Release|iPhoneSimulator
	EndGlobalSection
	GlobalSection(ProjectConfigurationPlatforms) = postSolution
		{5BA29CD2-EE2C-43E4-8BCA-521E92E8877F}.Ad-Hoc|Any CPU.ActiveCfg = Release|Any CPU
		{5BA29CD2-EE2C-43E4-8BCA-521E92E8877F}.Ad-Hoc|Any CPU.Build.0 = Release|Any CPU
		{5BA29CD2-EE2C-43E4-8BCA-521E92E8877F}.Ad-Hoc|Any CPU.Deploy.0 = Release|Any CPU
		{5BA29CD2-EE2C-43E4-8BCA-521E92E8877F}.Ad-Hoc|iPhone.ActiveCfg = Release|Any CPU
		{5BA29CD2-EE2C-43E4-8BCA-521E92E8877F}.Ad-Hoc|iPhone.Build.0 = Release|Any CPU
		{5BA29CD2-EE2C-43E4-8BCA-521E92E8877F}.Ad-Hoc|iPhone.Deploy.0 = Release|Any CPU
		{5BA29CD2-EE2C-43E4-8BCA-521E92E8877F}.Ad-Hoc|iPhoneSimulator.ActiveCfg = Release|Any CPU
		{5BA29CD2-EE2C-43E4-8BCA-521E92E8877F}.Ad-Hoc|iPhoneSimulator.Build.0 = Release|Any CPU
		{5BA29CD2-EE2C-43E4-8BCA-521E92E8877F}.Ad-Hoc|iPhoneSimulator.Deploy.0 = Release|Any CPU
		{5BA29CD2-EE2C-43E4-8BCA-521E92E8877F}.AppStore|Any CPU.ActiveCfg = Release|Any CPU
		{5BA29CD2-EE2C-43E4-8BCA-521E92E8877F}.AppStore|Any CPU.Build.0 = Release|Any CPU
		{5BA29CD2-EE2C-43E4-8BCA-521E92E8877F}.AppStore|Any CPU.Deploy.0 = Release|Any CPU
		{5BA29CD2-EE2C-43E4-8BCA-521E92E8877F}.AppStore|iPhone.ActiveCfg = Release|Any CPU
		{5BA29CD2-EE2C-43E4-8BCA-521E92E8877F}.AppStore|iPhone.Build.0 = Release|Any CPU
		{5BA29CD2-EE2C-43E4-8BCA-521E92E8877F}.AppStore|iPhone.Deploy.0 = Release|Any CPU
		{5BA29CD2-EE2C-43E4-8BCA-521E92E8877F}.AppStore|iPhoneSimulator.ActiveCfg = Release|Any CPU
		{5BA29CD2-EE2C-43E4-8BCA-521E92E8877F}.AppStore|iPhoneSimulator.Build.0 = Release|Any CPU
		{5BA29CD2-EE2C-43E4-8BCA-521E92E8877F}.AppStore|iPhoneSimulator.Deploy.0 = Release|Any CPU
		{5BA29CD2-EE2C-43E4-8BCA-521E92E8877F}.Debug|Any CPU.ActiveCfg = Debug|Any CPU
		{5BA29CD2-EE2C-43E4-8BCA-521E92E8877F}.Debug|Any CPU.Build.0 = Debug|Any CPU
		{5BA29CD2-EE2C-43E4-8BCA-521E92E8877F}.Debug|Any CPU.Deploy.0 = Debug|Any CPU
		{5BA29CD2-EE2C-43E4-8BCA-521E92E8877F}.Debug|iPhone.ActiveCfg = Debug|Any CPU
		{5BA29CD2-EE2C-43E4-8BCA-521E92E8877F}.Debug|iPhone.Build.0 = Debug|Any CPU
		{5BA29CD2-EE2C-43E4-8BCA-521E92E8877F}.Debug|iPhone.Deploy.0 = Debug|Any CPU
		{5BA29CD2-EE2C-43E4-8BCA-521E92E8877F}.Debug|iPhoneSimulator.ActiveCfg = Debug|Any CPU
		{5BA29CD2-EE2C-43E4-8BCA-521E92E8877F}.Debug|iPhoneSimulator.Build.0 = Debug|Any CPU
		{5BA29CD2-EE2C-43E4-8BCA-521E92E8877F}.Debug|iPhoneSimulator.Deploy.0 = Debug|Any CPU
		{5BA29CD2-EE2C-43E4-8BCA-521E92E8877F}.Release|Any CPU.ActiveCfg = Release|Any CPU
		{5BA29CD2-EE2C-43E4-8BCA-521E92E8877F}.Release|Any CPU.Build.0 = Release|Any CPU
		{5BA29CD2-EE2C-43E4-8BCA-521E92E8877F}.Release|Any CPU.Deploy.0 = Release|Any CPU
		{5BA29CD2-EE2C-43E4-8BCA-521E92E8877F}.Release|iPhone.ActiveCfg = Release|Any CPU
		{5BA29CD2-EE2C-43E4-8BCA-521E92E8877F}.Release|iPhone.Build.0 = Release|Any CPU
		{5BA29CD2-EE2C-43E4-8BCA-521E92E8877F}.Release|iPhone.Deploy.0 = Release|Any CPU
		{5BA29CD2-EE2C-43E4-8BCA-521E92E8877F}.Release|iPhoneSimulator.ActiveCfg = Release|Any CPU
		{5BA29CD2-EE2C-43E4-8BCA-521E92E8877F}.Release|iPhoneSimulator.Build.0 = Release|Any CPU
		{5BA29CD2-EE2C-43E4-8BCA-521E92E8877F}.Release|iPhoneSimulator.Deploy.0 = Release|Any CPU
		{8B0ED87A-78A8-41D5-9148-3F9D7A0A864D}.Ad-Hoc|Any CPU.ActiveCfg = Ad-Hoc|iPhone
		{8B0ED87A-78A8-41D5-9148-3F9D7A0A864D}.Ad-Hoc|iPhone.ActiveCfg = Ad-Hoc|iPhone
		{8B0ED87A-78A8-41D5-9148-3F9D7A0A864D}.Ad-Hoc|iPhone.Build.0 = Ad-Hoc|iPhone
		{8B0ED87A-78A8-41D5-9148-3F9D7A0A864D}.Ad-Hoc|iPhoneSimulator.ActiveCfg = Ad-Hoc|iPhoneSimulator
		{8B0ED87A-78A8-41D5-9148-3F9D7A0A864D}.Ad-Hoc|iPhoneSimulator.Build.0 = Ad-Hoc|iPhoneSimulator
		{8B0ED87A-78A8-41D5-9148-3F9D7A0A864D}.AppStore|Any CPU.ActiveCfg = AppStore|iPhone
		{8B0ED87A-78A8-41D5-9148-3F9D7A0A864D}.AppStore|iPhone.ActiveCfg = AppStore|iPhone
		{8B0ED87A-78A8-41D5-9148-3F9D7A0A864D}.AppStore|iPhone.Build.0 = AppStore|iPhone
		{8B0ED87A-78A8-41D5-9148-3F9D7A0A864D}.AppStore|iPhoneSimulator.ActiveCfg = AppStore|iPhoneSimulator
		{8B0ED87A-78A8-41D5-9148-3F9D7A0A864D}.AppStore|iPhoneSimulator.Build.0 = AppStore|iPhoneSimulator
		{8B0ED87A-78A8-41D5-9148-3F9D7A0A864D}.Debug|Any CPU.ActiveCfg = Debug|iPhone
		{8B0ED87A-78A8-41D5-9148-3F9D7A0A864D}.Debug|iPhone.ActiveCfg = Debug|iPhone
		{8B0ED87A-78A8-41D5-9148-3F9D7A0A864D}.Debug|iPhone.Build.0 = Debug|iPhone
		{8B0ED87A-78A8-41D5-9148-3F9D7A0A864D}.Debug|iPhoneSimulator.ActiveCfg = Debug|iPhoneSimulator
		{8B0ED87A-78A8-41D5-9148-3F9D7A0A864D}.Debug|iPhoneSimulator.Build.0 = Debug|iPhoneSimulator
		{8B0ED87A-78A8-41D5-9148-3F9D7A0A864D}.Release|Any CPU.ActiveCfg = Release|iPhone
		{8B0ED87A-78A8-41D5-9148-3F9D7A0A864D}.Release|iPhone.ActiveCfg = Release|iPhone
		{8B0ED87A-78A8-41D5-9148-3F9D7A0A864D}.Release|iPhone.Build.0 = Release|iPhone
		{8B0ED87A-78A8-41D5-9148-3F9D7A0A864D}.Release|iPhoneSimulator.ActiveCfg = Release|iPhoneSimulator
		{8B0ED87A-78A8-41D5-9148-3F9D7A0A864D}.Release|iPhoneSimulator.Build.0 = Release|iPhoneSimulator
	EndGlobalSection
	GlobalSection(SolutionProperties) = preSolution
		HideSolutionNode = FALSE
	EndGlobalSection
EndGlobal
