
Microsoft Visual Studio Solution File, Format Version 12.00
# Visual Studio 15
VisualStudioVersion = 15.0.26403.7
MinimumVisualStudioVersion = 10.0.40219.1
Project("{FAE04EC0-301F-11D3-BF4B-00C04F79EFBC}") = "PersonalApp", "PersonalApp\PersonalApp\PersonalApp.csproj", "{633C1DC8-AA3A-4C58-A797-CD37F331F8B8}"
EndProject
Project("{FAE04EC0-301F-11D3-BF4B-00C04F79EFBC}") = "PersonalApp.Android", "PersonalApp\PersonalApp.Android\PersonalApp.Android.csproj", "{3507969F-A152-4DBB-B4AA-7B5667B149DE}"
EndProject
Project("{FAE04EC0-301F-11D3-BF4B-00C04F79EFBC}") = "PersonalApp.iOS", "PersonalApp\PersonalApp.iOS\PersonalApp.iOS.csproj", "{F033E6B9-3350-4C0D-AA30-3EED55EF68B4}"
EndProject
Project("{FAE04EC0-301F-11D3-BF4B-00C04F79EFBC}") = "PersonalApp.UWP", "PersonalApp\PersonalApp.UWP\PersonalApp.UWP.csproj", "{ABD79639-7E1A-4C1F-9C3F-123CAF97C431}"
EndProject
Project("{FAE04EC0-301F-11D3-BF4B-00C04F79EFBC}") = "UnitTest", "UnitTest\UnitTest.csproj", "{CCD57C56-4327-4CCE-BBA2-D4ACF471C661}"
EndProject
Global
	GlobalSection(SolutionConfigurationPlatforms) = preSolution
		Debug|Any CPU = Debug|Any CPU
		Debug|ARM = Debug|ARM
		Debug|iPhone = Debug|iPhone
		Debug|iPhoneSimulator = Debug|iPhoneSimulator
		Debug|x64 = Debug|x64
		Debug|x86 = Debug|x86
		Release|Any CPU = Release|Any CPU
		Release|ARM = Release|ARM
		Release|iPhone = Release|iPhone
		Release|iPhoneSimulator = Release|iPhoneSimulator
		Release|x64 = Release|x64
		Release|x86 = Release|x86
	EndGlobalSection
	GlobalSection(ProjectConfigurationPlatforms) = postSolution
		{633C1DC8-AA3A-4C58-A797-CD37F331F8B8}.Debug|Any CPU.ActiveCfg = Debug|Any CPU
		{633C1DC8-AA3A-4C58-A797-CD37F331F8B8}.Debug|Any CPU.Build.0 = Debug|Any CPU
		{633C1DC8-AA3A-4C58-A797-CD37F331F8B8}.Debug|ARM.ActiveCfg = Debug|Any CPU
		{633C1DC8-AA3A-4C58-A797-CD37F331F8B8}.Debug|ARM.Build.0 = Debug|Any CPU
		{633C1DC8-AA3A-4C58-A797-CD37F331F8B8}.Debug|iPhone.ActiveCfg = Debug|Any CPU
		{633C1DC8-AA3A-4C58-A797-CD37F331F8B8}.Debug|iPhone.Build.0 = Debug|Any CPU
		{633C1DC8-AA3A-4C58-A797-CD37F331F8B8}.Debug|iPhoneSimulator.ActiveCfg = Debug|Any CPU
		{633C1DC8-AA3A-4C58-A797-CD37F331F8B8}.Debug|iPhoneSimulator.Build.0 = Debug|Any CPU
		{633C1DC8-AA3A-4C58-A797-CD37F331F8B8}.Debug|x64.ActiveCfg = Debug|Any CPU
		{633C1DC8-AA3A-4C58-A797-CD37F331F8B8}.Debug|x64.Build.0 = Debug|Any CPU
		{633C1DC8-AA3A-4C58-A797-CD37F331F8B8}.Debug|x86.ActiveCfg = Debug|Any CPU
		{633C1DC8-AA3A-4C58-A797-CD37F331F8B8}.Debug|x86.Build.0 = Debug|Any CPU
		{633C1DC8-AA3A-4C58-A797-CD37F331F8B8}.Release|Any CPU.ActiveCfg = Release|Any CPU
		{633C1DC8-AA3A-4C58-A797-CD37F331F8B8}.Release|Any CPU.Build.0 = Release|Any CPU
		{633C1DC8-AA3A-4C58-A797-CD37F331F8B8}.Release|ARM.ActiveCfg = Release|Any CPU
		{633C1DC8-AA3A-4C58-A797-CD37F331F8B8}.Release|ARM.Build.0 = Release|Any CPU
		{633C1DC8-AA3A-4C58-A797-CD37F331F8B8}.Release|iPhone.ActiveCfg = Release|Any CPU
		{633C1DC8-AA3A-4C58-A797-CD37F331F8B8}.Release|iPhone.Build.0 = Release|Any CPU
		{633C1DC8-AA3A-4C58-A797-CD37F331F8B8}.Release|iPhoneSimulator.ActiveCfg = Release|Any CPU
		{633C1DC8-AA3A-4C58-A797-CD37F331F8B8}.Release|iPhoneSimulator.Build.0 = Release|Any CPU
		{633C1DC8-AA3A-4C58-A797-CD37F331F8B8}.Release|x64.ActiveCfg = Release|Any CPU
		{633C1DC8-AA3A-4C58-A797-CD37F331F8B8}.Release|x64.Build.0 = Release|Any CPU
		{633C1DC8-AA3A-4C58-A797-CD37F331F8B8}.Release|x86.ActiveCfg = Release|Any CPU
		{633C1DC8-AA3A-4C58-A797-CD37F331F8B8}.Release|x86.Build.0 = Release|Any CPU
		{3507969F-A152-4DBB-B4AA-7B5667B149DE}.Debug|Any CPU.ActiveCfg = Debug|Any CPU
		{3507969F-A152-4DBB-B4AA-7B5667B149DE}.Debug|Any CPU.Build.0 = Debug|Any CPU
		{3507969F-A152-4DBB-B4AA-7B5667B149DE}.Debug|Any CPU.Deploy.0 = Debug|Any CPU
		{3507969F-A152-4DBB-B4AA-7B5667B149DE}.Debug|ARM.ActiveCfg = Debug|Any CPU
		{3507969F-A152-4DBB-B4AA-7B5667B149DE}.Debug|ARM.Build.0 = Debug|Any CPU
		{3507969F-A152-4DBB-B4AA-7B5667B149DE}.Debug|ARM.Deploy.0 = Debug|Any CPU
		{3507969F-A152-4DBB-B4AA-7B5667B149DE}.Debug|iPhone.ActiveCfg = Debug|Any CPU
		{3507969F-A152-4DBB-B4AA-7B5667B149DE}.Debug|iPhone.Build.0 = Debug|Any CPU
		{3507969F-A152-4DBB-B4AA-7B5667B149DE}.Debug|iPhone.Deploy.0 = Debug|Any CPU
		{3507969F-A152-4DBB-B4AA-7B5667B149DE}.Debug|iPhoneSimulator.ActiveCfg = Debug|Any CPU
		{3507969F-A152-4DBB-B4AA-7B5667B149DE}.Debug|iPhoneSimulator.Build.0 = Debug|Any CPU
		{3507969F-A152-4DBB-B4AA-7B5667B149DE}.Debug|iPhoneSimulator.Deploy.0 = Debug|Any CPU
		{3507969F-A152-4DBB-B4AA-7B5667B149DE}.Debug|x64.ActiveCfg = Debug|Any CPU
		{3507969F-A152-4DBB-B4AA-7B5667B149DE}.Debug|x64.Build.0 = Debug|Any CPU
		{3507969F-A152-4DBB-B4AA-7B5667B149DE}.Debug|x64.Deploy.0 = Debug|Any CPU
		{3507969F-A152-4DBB-B4AA-7B5667B149DE}.Debug|x86.ActiveCfg = Debug|Any CPU
		{3507969F-A152-4DBB-B4AA-7B5667B149DE}.Debug|x86.Build.0 = Debug|Any CPU
		{3507969F-A152-4DBB-B4AA-7B5667B149DE}.Debug|x86.Deploy.0 = Debug|Any CPU
		{3507969F-A152-4DBB-B4AA-7B5667B149DE}.Release|Any CPU.ActiveCfg = Release|Any CPU
		{3507969F-A152-4DBB-B4AA-7B5667B149DE}.Release|Any CPU.Build.0 = Release|Any CPU
		{3507969F-A152-4DBB-B4AA-7B5667B149DE}.Release|Any CPU.Deploy.0 = Release|Any CPU
		{3507969F-A152-4DBB-B4AA-7B5667B149DE}.Release|ARM.ActiveCfg = Release|Any CPU
		{3507969F-A152-4DBB-B4AA-7B5667B149DE}.Release|ARM.Build.0 = Release|Any CPU
		{3507969F-A152-4DBB-B4AA-7B5667B149DE}.Release|ARM.Deploy.0 = Release|Any CPU
		{3507969F-A152-4DBB-B4AA-7B5667B149DE}.Release|iPhone.ActiveCfg = Release|Any CPU
		{3507969F-A152-4DBB-B4AA-7B5667B149DE}.Release|iPhone.Build.0 = Release|Any CPU
		{3507969F-A152-4DBB-B4AA-7B5667B149DE}.Release|iPhone.Deploy.0 = Release|Any CPU
		{3507969F-A152-4DBB-B4AA-7B5667B149DE}.Release|iPhoneSimulator.ActiveCfg = Release|Any CPU
		{3507969F-A152-4DBB-B4AA-7B5667B149DE}.Release|iPhoneSimulator.Build.0 = Release|Any CPU
		{3507969F-A152-4DBB-B4AA-7B5667B149DE}.Release|iPhoneSimulator.Deploy.0 = Release|Any CPU
		{3507969F-A152-4DBB-B4AA-7B5667B149DE}.Release|x64.ActiveCfg = Release|Any CPU
		{3507969F-A152-4DBB-B4AA-7B5667B149DE}.Release|x64.Build.0 = Release|Any CPU
		{3507969F-A152-4DBB-B4AA-7B5667B149DE}.Release|x64.Deploy.0 = Release|Any CPU
		{3507969F-A152-4DBB-B4AA-7B5667B149DE}.Release|x86.ActiveCfg = Release|Any CPU
		{3507969F-A152-4DBB-B4AA-7B5667B149DE}.Release|x86.Build.0 = Release|Any CPU
		{3507969F-A152-4DBB-B4AA-7B5667B149DE}.Release|x86.Deploy.0 = Release|Any CPU
		{F033E6B9-3350-4C0D-AA30-3EED55EF68B4}.Debug|Any CPU.ActiveCfg = Debug|iPhone
		{F033E6B9-3350-4C0D-AA30-3EED55EF68B4}.Debug|ARM.ActiveCfg = Debug|iPhone
		{F033E6B9-3350-4C0D-AA30-3EED55EF68B4}.Debug|iPhone.ActiveCfg = Debug|iPhone
		{F033E6B9-3350-4C0D-AA30-3EED55EF68B4}.Debug|iPhone.Build.0 = Debug|iPhone
		{F033E6B9-3350-4C0D-AA30-3EED55EF68B4}.Debug|iPhoneSimulator.ActiveCfg = Debug|iPhoneSimulator
		{F033E6B9-3350-4C0D-AA30-3EED55EF68B4}.Debug|iPhoneSimulator.Build.0 = Debug|iPhoneSimulator
		{F033E6B9-3350-4C0D-AA30-3EED55EF68B4}.Debug|x64.ActiveCfg = Debug|iPhone
		{F033E6B9-3350-4C0D-AA30-3EED55EF68B4}.Debug|x86.ActiveCfg = Debug|iPhone
		{F033E6B9-3350-4C0D-AA30-3EED55EF68B4}.Release|Any CPU.ActiveCfg = Release|iPhone
		{F033E6B9-3350-4C0D-AA30-3EED55EF68B4}.Release|ARM.ActiveCfg = Release|iPhone
		{F033E6B9-3350-4C0D-AA30-3EED55EF68B4}.Release|iPhone.ActiveCfg = Release|iPhone
		{F033E6B9-3350-4C0D-AA30-3EED55EF68B4}.Release|iPhone.Build.0 = Release|iPhone
		{F033E6B9-3350-4C0D-AA30-3EED55EF68B4}.Release|iPhoneSimulator.ActiveCfg = Release|iPhoneSimulator
		{F033E6B9-3350-4C0D-AA30-3EED55EF68B4}.Release|iPhoneSimulator.Build.0 = Release|iPhoneSimulator
		{F033E6B9-3350-4C0D-AA30-3EED55EF68B4}.Release|x64.ActiveCfg = Release|iPhone
		{F033E6B9-3350-4C0D-AA30-3EED55EF68B4}.Release|x86.ActiveCfg = Release|iPhone
		{ABD79639-7E1A-4C1F-9C3F-123CAF97C431}.Debug|Any CPU.ActiveCfg = Debug|x86
		{ABD79639-7E1A-4C1F-9C3F-123CAF97C431}.Debug|ARM.ActiveCfg = Debug|ARM
		{ABD79639-7E1A-4C1F-9C3F-123CAF97C431}.Debug|ARM.Build.0 = Debug|ARM
		{ABD79639-7E1A-4C1F-9C3F-123CAF97C431}.Debug|ARM.Deploy.0 = Debug|ARM
		{ABD79639-7E1A-4C1F-9C3F-123CAF97C431}.Debug|iPhone.ActiveCfg = Debug|x86
		{ABD79639-7E1A-4C1F-9C3F-123CAF97C431}.Debug|iPhoneSimulator.ActiveCfg = Debug|x86
		{ABD79639-7E1A-4C1F-9C3F-123CAF97C431}.Debug|x64.ActiveCfg = Debug|x64
		{ABD79639-7E1A-4C1F-9C3F-123CAF97C431}.Debug|x64.Build.0 = Debug|x64
		{ABD79639-7E1A-4C1F-9C3F-123CAF97C431}.Debug|x64.Deploy.0 = Debug|x64
		{ABD79639-7E1A-4C1F-9C3F-123CAF97C431}.Debug|x86.ActiveCfg = Debug|x86
		{ABD79639-7E1A-4C1F-9C3F-123CAF97C431}.Debug|x86.Build.0 = Debug|x86
		{ABD79639-7E1A-4C1F-9C3F-123CAF97C431}.Debug|x86.Deploy.0 = Debug|x86
		{ABD79639-7E1A-4C1F-9C3F-123CAF97C431}.Release|Any CPU.ActiveCfg = Release|x86
		{ABD79639-7E1A-4C1F-9C3F-123CAF97C431}.Release|ARM.ActiveCfg = Release|ARM
		{ABD79639-7E1A-4C1F-9C3F-123CAF97C431}.Release|ARM.Build.0 = Release|ARM
		{ABD79639-7E1A-4C1F-9C3F-123CAF97C431}.Release|ARM.Deploy.0 = Release|ARM
		{ABD79639-7E1A-4C1F-9C3F-123CAF97C431}.Release|iPhone.ActiveCfg = Release|x86
		{ABD79639-7E1A-4C1F-9C3F-123CAF97C431}.Release|iPhoneSimulator.ActiveCfg = Release|x86
		{ABD79639-7E1A-4C1F-9C3F-123CAF97C431}.Release|x64.ActiveCfg = Release|x64
		{ABD79639-7E1A-4C1F-9C3F-123CAF97C431}.Release|x64.Build.0 = Release|x64
		{ABD79639-7E1A-4C1F-9C3F-123CAF97C431}.Release|x64.Deploy.0 = Release|x64
		{ABD79639-7E1A-4C1F-9C3F-123CAF97C431}.Release|x86.ActiveCfg = Release|x86
		{ABD79639-7E1A-4C1F-9C3F-123CAF97C431}.Release|x86.Build.0 = Release|x86
		{ABD79639-7E1A-4C1F-9C3F-123CAF97C431}.Release|x86.Deploy.0 = Release|x86
		{CCD57C56-4327-4CCE-BBA2-D4ACF471C661}.Debug|Any CPU.ActiveCfg = Debug|Any CPU
		{CCD57C56-4327-4CCE-BBA2-D4ACF471C661}.Debug|Any CPU.Build.0 = Debug|Any CPU
		{CCD57C56-4327-4CCE-BBA2-D4ACF471C661}.Debug|ARM.ActiveCfg = Debug|Any CPU
		{CCD57C56-4327-4CCE-BBA2-D4ACF471C661}.Debug|ARM.Build.0 = Debug|Any CPU
		{CCD57C56-4327-4CCE-BBA2-D4ACF471C661}.Debug|iPhone.ActiveCfg = Debug|Any CPU
		{CCD57C56-4327-4CCE-BBA2-D4ACF471C661}.Debug|iPhone.Build.0 = Debug|Any CPU
		{CCD57C56-4327-4CCE-BBA2-D4ACF471C661}.Debug|iPhoneSimulator.ActiveCfg = Debug|Any CPU
		{CCD57C56-4327-4CCE-BBA2-D4ACF471C661}.Debug|iPhoneSimulator.Build.0 = Debug|Any CPU
		{CCD57C56-4327-4CCE-BBA2-D4ACF471C661}.Debug|x64.ActiveCfg = Debug|Any CPU
		{CCD57C56-4327-4CCE-BBA2-D4ACF471C661}.Debug|x64.Build.0 = Debug|Any CPU
		{CCD57C56-4327-4CCE-BBA2-D4ACF471C661}.Debug|x86.ActiveCfg = Debug|Any CPU
		{CCD57C56-4327-4CCE-BBA2-D4ACF471C661}.Debug|x86.Build.0 = Debug|Any CPU
		{CCD57C56-4327-4CCE-BBA2-D4ACF471C661}.Release|Any CPU.ActiveCfg = Release|Any CPU
		{CCD57C56-4327-4CCE-BBA2-D4ACF471C661}.Release|Any CPU.Build.0 = Release|Any CPU
		{CCD57C56-4327-4CCE-BBA2-D4ACF471C661}.Release|ARM.ActiveCfg = Release|Any CPU
		{CCD57C56-4327-4CCE-BBA2-D4ACF471C661}.Release|ARM.Build.0 = Release|Any CPU
		{CCD57C56-4327-4CCE-BBA2-D4ACF471C661}.Release|iPhone.ActiveCfg = Release|Any CPU
		{CCD57C56-4327-4CCE-BBA2-D4ACF471C661}.Release|iPhone.Build.0 = Release|Any CPU
		{CCD57C56-4327-4CCE-BBA2-D4ACF471C661}.Release|iPhoneSimulator.ActiveCfg = Release|Any CPU
		{CCD57C56-4327-4CCE-BBA2-D4ACF471C661}.Release|iPhoneSimulator.Build.0 = Release|Any CPU
		{CCD57C56-4327-4CCE-BBA2-D4ACF471C661}.Release|x64.ActiveCfg = Release|Any CPU
		{CCD57C56-4327-4CCE-BBA2-D4ACF471C661}.Release|x64.Build.0 = Release|Any CPU
		{CCD57C56-4327-4CCE-BBA2-D4ACF471C661}.Release|x86.ActiveCfg = Release|Any CPU
		{CCD57C56-4327-4CCE-BBA2-D4ACF471C661}.Release|x86.Build.0 = Release|Any CPU
	EndGlobalSection
	GlobalSection(SolutionProperties) = preSolution
		HideSolutionNode = FALSE
	EndGlobalSection
EndGlobal
